
Microsoft Visual Studio Solution File, Format Version 12.00
# Visual Studio 15
VisualStudioVersion = 15.0.28010.2026
MinimumVisualStudioVersion = 10.0.40219.1
Project("{FAE04EC0-301F-11D3-BF4B-00C04F79EFBC}") = "GitHarjoitus", "GitHarjoitus\GitHarjoitus.csproj", "{D5C053BE-5F57-44DB-98F8-100A6BAA07E7}"
EndProject
Global
	GlobalSection(SolutionConfigurationPlatforms) = preSolution
		Debug|Any CPU = Debug|Any CPU
		Release|Any CPU = Release|Any CPU
	EndGlobalSection
	GlobalSection(ProjectConfigurationPlatforms) = postSolution
		{D5C053BE-5F57-44DB-98F8-100A6BAA07E7}.Debug|Any CPU.ActiveCfg = Debug|Any CPU
		{D5C053BE-5F57-44DB-98F8-100A6BAA07E7}.Debug|Any CPU.Build.0 = Debug|Any CPU
		{D5C053BE-5F57-44DB-98F8-100A6BAA07E7}.Release|Any CPU.ActiveCfg = Release|Any CPU
		{D5C053BE-5F57-44DB-98F8-100A6BAA07E7}.Release|Any CPU.Build.0 = Release|Any CPU
	EndGlobalSection
	GlobalSection(SolutionProperties) = preSolution
		HideSolutionNode = FALSE
	EndGlobalSection
	GlobalSection(ExtensibilityGlobals) = postSolution
		SolutionGuid = {633287D6-8296-483F-B732-0266E27FF501}
	EndGlobalSection
EndGlobal
